
Microsoft Visual Studio Solution File, Format Version 11.00
# Visual Studio 2010
Project("{FAE04EC0-301F-11D3-BF4B-00C04F79EFBC}") = "project", "project\project.csproj", "{26500C15-13CB-4DD7-A25F-833D0E928CC2}"
EndProject
Global
	GlobalSection(SolutionConfigurationPlatforms) = preSolution
		Debug|x86 = Debug|x86
		Release|x86 = Release|x86
	EndGlobalSection
	GlobalSection(ProjectConfigurationPlatforms) = postSolution
		{26500C15-13CB-4DD7-A25F-833D0E928CC2}.Debug|x86.ActiveCfg = Debug|x86
		{26500C15-13CB-4DD7-A25F-833D0E928CC2}.Debug|x86.Build.0 = Debug|x86
		{26500C15-13CB-4DD7-A25F-833D0E928CC2}.Release|x86.ActiveCfg = Release|x86
		{26500C15-13CB-4DD7-A25F-833D0E928CC2}.Release|x86.Build.0 = Release|x86
	EndGlobalSection
	GlobalSection(SolutionProperties) = preSolution
		HideSolutionNode = FALSE
	EndGlobalSection
EndGlobal
