
Microsoft Visual Studio Solution File, Format Version 11.00
# Visual Studio 2010
Project("{FAE04EC0-301F-11D3-BF4B-00C04F79EFBC}") = "lab 11-12", "lab 11-12\lab 11-12.csproj", "{AD46DDE9-FE58-443D-8A7A-9A010A4E7CC4}"
EndProject
Global
	GlobalSection(SolutionConfigurationPlatforms) = preSolution
		Debug|x86 = Debug|x86
		Release|x86 = Release|x86
	EndGlobalSection
	GlobalSection(ProjectConfigurationPlatforms) = postSolution
		{AD46DDE9-FE58-443D-8A7A-9A010A4E7CC4}.Debug|x86.ActiveCfg = Debug|x86
		{AD46DDE9-FE58-443D-8A7A-9A010A4E7CC4}.Debug|x86.Build.0 = Debug|x86
		{AD46DDE9-FE58-443D-8A7A-9A010A4E7CC4}.Release|x86.ActiveCfg = Release|x86
		{AD46DDE9-FE58-443D-8A7A-9A010A4E7CC4}.Release|x86.Build.0 = Release|x86
	EndGlobalSection
	GlobalSection(SolutionProperties) = preSolution
		HideSolutionNode = FALSE
	EndGlobalSection
EndGlobal
